# THIS IS AN AUTOGENERATED FILE. DO NOT EDIT THIS FILE DIRECTLY.
# yarn lockfile v1


eventemitter3@^0.1.5:
  version "0.1.6"
  resolved "https://registry.yarnpkg.com/eventemitter3/-/eventemitter3-0.1.6.tgz#8c7ac44b87baab55cd50c828dc38778eac052ea5"

jquery@^3.2.1:
  version "3.2.1"
  resolved "https://registry.yarnpkg.com/jquery/-/jquery-3.2.1.tgz#5c4d9de652af6cd0a770154a631bba12b015c787"

js-binarypack@0.0.9:
  version "0.0.9"
  resolved "https://registry.yarnpkg.com/js-binarypack/-/js-binarypack-0.0.9.tgz#454243d3de212961cc1514a2f119dec2faf64035"

peerjs@^0.3.14:
  version "0.3.14"
  resolved "https://registry.yarnpkg.com/peerjs/-/peerjs-0.3.14.tgz#5f934eb09a04ce237a47d52f4766c9373da2511e"
  dependencies:
    eventemitter3 "^0.1.5"
    js-binarypack "0.0.9"
    reliable "git+https://github.com/michelle/reliable.git"

"reliable@git+https://github.com/michelle/reliable.git":
  version "0.1.0"
  resolved "git+https://github.com/michelle/reliable.git#f09ba29d57a05beaa07990171f3fe7b746587aaa"
  dependencies:
    js-binarypack "0.0.9"

uid@^0.0.2:
  version "0.0.2"
  resolved "https://registry.yarnpkg.com/uid/-/uid-0.0.2.tgz#5e4a5d4b78138b4f70f89fd3c76fc59aa9d2f103"
